
Microsoft Visual Studio Solution File, Format Version 12.00
# Visual Studio Version 17
VisualStudioVersion = 17.5.33530.505
MinimumVisualStudioVersion = 10.0.40219.1
Project("{FAE04EC0-301F-11D3-BF4B-00C04F79EFBC}") = "MagicVilla_API", "WebApplication1\MagicVilla_API.csproj", "{49588F38-F82E-4AAB-A81B-A183589D5314}"
EndProject
Global
	GlobalSection(SolutionConfigurationPlatforms) = preSolution
		Debug|Any CPU = Debug|Any CPU
		Release|Any CPU = Release|Any CPU
	EndGlobalSection
	GlobalSection(ProjectConfigurationPlatforms) = postSolution
		{49588F38-F82E-4AAB-A81B-A183589D5314}.Debug|Any CPU.ActiveCfg = Debug|Any CPU
		{49588F38-F82E-4AAB-A81B-A183589D5314}.Debug|Any CPU.Build.0 = Debug|Any CPU
		{49588F38-F82E-4AAB-A81B-A183589D5314}.Release|Any CPU.ActiveCfg = Release|Any CPU
		{49588F38-F82E-4AAB-A81B-A183589D5314}.Release|Any CPU.Build.0 = Release|Any CPU
	EndGlobalSection
	GlobalSection(SolutionProperties) = preSolution
		HideSolutionNode = FALSE
	EndGlobalSection
	GlobalSection(ExtensibilityGlobals) = postSolution
		SolutionGuid = {D8EC9C5B-DC70-4048-B0DA-554E1F20BBB3}
	EndGlobalSection
EndGlobal
